
Microsoft Visual Studio Solution File, Format Version 12.00
# Visual Studio Version 16
VisualStudioVersion = 16.0.31025.194
MinimumVisualStudioVersion = 10.0.40219.1
Project("{FAE04EC0-301F-11D3-BF4B-00C04F79EFBC}") = "URI-1005-Media1", "URI-1005-Media1.csproj", "{C68581E4-883F-4EC4-9A99-E43FBC83DFE9}"
EndProject
Global
	GlobalSection(SolutionConfigurationPlatforms) = preSolution
		Debug|Any CPU = Debug|Any CPU
		Release|Any CPU = Release|Any CPU
	EndGlobalSection
	GlobalSection(ProjectConfigurationPlatforms) = postSolution
		{C68581E4-883F-4EC4-9A99-E43FBC83DFE9}.Debug|Any CPU.ActiveCfg = Debug|Any CPU
		{C68581E4-883F-4EC4-9A99-E43FBC83DFE9}.Debug|Any CPU.Build.0 = Debug|Any CPU
		{C68581E4-883F-4EC4-9A99-E43FBC83DFE9}.Release|Any CPU.ActiveCfg = Release|Any CPU
		{C68581E4-883F-4EC4-9A99-E43FBC83DFE9}.Release|Any CPU.Build.0 = Release|Any CPU
	EndGlobalSection
	GlobalSection(SolutionProperties) = preSolution
		HideSolutionNode = FALSE
	EndGlobalSection
	GlobalSection(ExtensibilityGlobals) = postSolution
		SolutionGuid = {3130EF54-8F59-430D-ADF6-FCF1AAC81F16}
	EndGlobalSection
EndGlobal
